
Microsoft Visual Studio Solution File, Format Version 12.00
# Visual Studio Version 17
VisualStudioVersion = 17.9.34701.34
MinimumVisualStudioVersion = 10.0.40219.1
Project("{FAE04EC0-301F-11D3-BF4B-00C04F79EFBC}") = "JimmyAlbarracin_TallerMVC-CodeFirst", "JimmyAlbarracin_TallerMVC-CodeFirst.csproj", "{9B72DD94-4E0E-4515-8D5C-CAD685D6B19D}"
EndProject
Global
	GlobalSection(SolutionConfigurationPlatforms) = preSolution
		Debug|Any CPU = Debug|Any CPU
		Release|Any CPU = Release|Any CPU
	EndGlobalSection
	GlobalSection(ProjectConfigurationPlatforms) = postSolution
		{9B72DD94-4E0E-4515-8D5C-CAD685D6B19D}.Debug|Any CPU.ActiveCfg = Debug|Any CPU
		{9B72DD94-4E0E-4515-8D5C-CAD685D6B19D}.Debug|Any CPU.Build.0 = Debug|Any CPU
		{9B72DD94-4E0E-4515-8D5C-CAD685D6B19D}.Release|Any CPU.ActiveCfg = Release|Any CPU
		{9B72DD94-4E0E-4515-8D5C-CAD685D6B19D}.Release|Any CPU.Build.0 = Release|Any CPU
	EndGlobalSection
	GlobalSection(SolutionProperties) = preSolution
		HideSolutionNode = FALSE
	EndGlobalSection
	GlobalSection(ExtensibilityGlobals) = postSolution
		SolutionGuid = {01E37CE6-B39A-4123-9601-1BA6DB594656}
	EndGlobalSection
EndGlobal
